// !$*UTF8*$!
{
	archiveVersion = 1;
	classes = {
	};
	objectVersion = 46;
	objects = {

/* Begin PBXBuildFile section */
		232FA4731623EC3200DCA839 /* HypnosisView.m in Sources */ = {isa = PBXBuildFile; fileRef = 232FA4721623EC3200DCA839 /* HypnosisView.m */; };
		233322F51623E901004AB7F3 /* UIKit.framework in Frameworks */ = {isa = PBXBuildFile; fileRef = 233322F41623E901004AB7F3 /* UIKit.framework */; };
		233322F71623E901004AB7F3 /* Foundation.framework in Frameworks */ = {isa = PBXBuildFile; fileRef = 233322F61623E901004AB7F3 /* Foundation.framework */; };
		233322F91623E901004AB7F3 /* CoreGraphics.framework in Frameworks */ = {isa = PBXBuildFile; fileRef = 233322F81623E901004AB7F3 /* CoreGraphics.framework */; };
		233322FF1623E901004AB7F3 /* InfoPlist.strings in Resources */ = {isa = PBXBuildFile; fileRef = 233322FD1623E901004AB7F3 /* InfoPlist.strings */; };
		233323011623E901004AB7F3 /* main.m in Sources */ = {isa = PBXBuildFile; fileRef = 233323001623E901004AB7F3 /* main.m */; };
		233323051623E901004AB7F3 /* HypnosisterAppDelegate.m in Sources */ = {isa = PBXBuildFile; fileRef = 233323041623E901004AB7F3 /* HypnosisterAppDelegate.m */; };
		233323071623E901004AB7F3 /* Default.png in Resources */ = {isa = PBXBuildFile; fileRef = 233323061623E901004AB7F3 /* Default.png */; };
		233323091623E901004AB7F3 /* Default@2x.png in Resources */ = {isa = PBXBuildFile; fileRef = 233323081623E901004AB7F3 /* Default@2x.png */; };
		2333230B1623E901004AB7F3 /* Default-568h@2x.png in Resources */ = {isa = PBXBuildFile; fileRef = 2333230A1623E901004AB7F3 /* Default-568h@2x.png */; };
/* End PBXBuildFile section */

/* Begin PBXFileReference section */
		232FA4711623EC3200DCA839 /* HypnosisView.h */ = {isa = PBXFileReference; fileEncoding = 4; lastKnownFileType = sourcecode.c.h; path = HypnosisView.h; sourceTree = "<group>"; };
		232FA4721623EC3200DCA839 /* HypnosisView.m */ = {isa = PBXFileReference; fileEncoding = 4; lastKnownFileType = sourcecode.c.objc; path = HypnosisView.m; sourceTree = "<group>"; };
		233322F01623E901004AB7F3 /* Hypnosister.app */ = {isa = PBXFileReference; explicitFileType = wrapper.application; includeInIndex = 0; path = Hypnosister.app; sourceTree = BUILT_PRODUCTS_DIR; };
		233322F41623E901004AB7F3 /* UIKit.framework */ = {isa = PBXFileReference; lastKnownFileType = wrapper.framework; name = UIKit.framework; path = System/Library/Frameworks/UIKit.framework; sourceTree = SDKROOT; };
		233322F61623E901004AB7F3 /* Foundation.framework */ = {isa = PBXFileReference; lastKnownFileType = wrapper.framework; name = Foundation.framework; path = System/Library/Frameworks/Foundation.framework; sourceTree = SDKROOT; };
		233322F81623E901004AB7F3 /* CoreGraphics.framework */ = {isa = PBXFileReference; lastKnownFileType = wrapper.framework; name = CoreGraphics.framework; path = System/Library/Frameworks/CoreGraphics.framework; sourceTree = SDKROOT; };
		233322FC1623E901004AB7F3 /* Hypnosister-Info.plist */ = {isa = PBXFileReference; lastKnownFileType = text.plist.xml; path = "Hypnosister-Info.plist"; sourceTree = "<group>"; };
		233322FE1623E901004AB7F3 /* en */ = {isa = PBXFileReference; lastKnownFileType = text.plist.strings; name = en; path = en.lproj/InfoPlist.strings; sourceTree = "<group>"; };
		233323001623E901004AB7F3 /* main.m */ = {isa = PBXFileReference; lastKnownFileType = sourcecode.c.objc; path = main.m; sourceTree = "<group>"; };
		233323021623E901004AB7F3 /* Hypnosister-Prefix.pch */ = {isa = PBXFileReference; lastKnownFileType = sourcecode.c.h; path = "Hypnosister-Prefix.pch"; sourceTree = "<group>"; };
		233323031623E901004AB7F3 /* HypnosisterAppDelegate.h */ = {isa = PBXFileReference; lastKnownFileType = sourcecode.c.h; path = HypnosisterAppDelegate.h; sourceTree = "<group>"; };
		233323041623E901004AB7F3 /* HypnosisterAppDelegate.m */ = {isa = PBXFileReference; lastKnownFileType = sourcecode.c.objc; path = HypnosisterAppDelegate.m; sourceTree = "<group>"; };
		233323061623E901004AB7F3 /* Default.png */ = {isa = PBXFileReference; lastKnownFileType = image.png; path = Default.png; sourceTree = "<group>"; };
		233323081623E901004AB7F3 /* Default@2x.png */ = {isa = PBXFileReference; lastKnownFileType = image.png; path = "Default@2x.png"; sourceTree = "<group>"; };
		2333230A1623E901004AB7F3 /* Default-568h@2x.png */ = {isa = PBXFileReference; lastKnownFileType = image.png; path = "Default-568h@2x.png"; sourceTree = "<group>"; };
/* End PBXFileReference section */

/* Begin PBXFrameworksBuildPhase section */
		233322ED1623E901004AB7F3 /* Frameworks */ = {
			isa = PBXFrameworksBuildPhase;
			buildActionMask = 2147483647;
			files = (
				233322F51623E901004AB7F3 /* UIKit.framework in Frameworks */,
				233322F71623E901004AB7F3 /* Foundation.framework in Frameworks */,
				233322F91623E901004AB7F3 /* CoreGraphics.framework in Frameworks */,
			);
			runOnlyForDeploymentPostprocessing = 0;
		};
/* End PBXFrameworksBuildPhase section */

/* Begin PBXGroup section */
		233322E51623E901004AB7F3 = {
			isa = PBXGroup;
			children = (
				233322FA1623E901004AB7F3 /* Hypnosister */,
				233322F31623E901004AB7F3 /* Frameworks */,
				233322F11623E901004AB7F3 /* Products */,
			);
			sourceTree = "<group>";
		};
		233322F11623E901004AB7F3 /* Products */ = {
			isa = PBXGroup;
			children = (
				233322F01623E901004AB7F3 /* Hypnosister.app */,
			);
			name = Products;
			sourceTree = "<group>";
		};
		233322F31623E901004AB7F3 /* Frameworks */ = {
			isa = PBXGroup;
			children = (
				233322F41623E901004AB7F3 /* UIKit.framework */,
				233322F61623E901004AB7F3 /* Foundation.framework */,
				233322F81623E901004AB7F3 /* CoreGraphics.framework */,
			);
			name = Frameworks;
			sourceTree = "<group>";
		};
		233322FA1623E901004AB7F3 /* Hypnosister */ = {
			isa = PBXGroup;
			children = (
				233323031623E901004AB7F3 /* HypnosisterAppDelegate.h */,
				233323041623E901004AB7F3 /* HypnosisterAppDelegate.m */,
				232FA4711623EC3200DCA839 /* HypnosisView.h */,
				232FA4721623EC3200DCA839 /* HypnosisView.m */,
				233322FB1623E901004AB7F3 /* Supporting Files */,
			);
			path = Hypnosister;
			sourceTree = "<group>";
		};
		233322FB1623E901004AB7F3 /* Supporting Files */ = {
			isa = PBXGroup;
			children = (
				233322FC1623E901004AB7F3 /* Hypnosister-Info.plist */,
				233322FD1623E901004AB7F3 /* InfoPlist.strings */,
				233323001623E901004AB7F3 /* main.m */,
				233323021623E901004AB7F3 /* Hypnosister-Prefix.pch */,
				233323061623E901004AB7F3 /* Default.png */,
				233323081623E901004AB7F3 /* Default@2x.png */,
				2333230A1623E901004AB7F3 /* Default-568h@2x.png */,
			);
			name = "Supporting Files";
			sourceTree = "<group>";
		};
/* End PBXGroup section */

/* Begin PBXNativeTarget section */
		233322EF1623E901004AB7F3 /* Hypnosister */ = {
			isa = PBXNativeTarget;
			buildConfigurationList = 2333230E1623E901004AB7F3 /* Build configuration list for PBXNativeTarget "Hypnosister" */;
			buildPhases = (
				233322EC1623E901004AB7F3 /* Sources */,
				233322ED1623E901004AB7F3 /* Frameworks */,
				233322EE1623E901004AB7F3 /* Resources */,
			);
			buildRules = (
			);
			dependencies = (
			);
			name = Hypnosister;
			productName = Hypnosister;
			productReference = 233322F01623E901004AB7F3 /* Hypnosister.app */;
			productType = "com.apple.product-type.application";
		};
/* End PBXNativeTarget section */

/* Begin PBXProject section */
		233322E71623E901004AB7F3 /* Project object */ = {
			isa = PBXProject;
			attributes = {
				CLASSPREFIX = Hypnosister;
				LastUpgradeCheck = 0450;
				ORGANIZATIONNAME = "Carlo Andaya";
			};
			buildConfigurationList = 233322EA1623E901004AB7F3 /* Build configuration list for PBXProject "Hypnosister" */;
			compatibilityVersion = "Xcode 3.2";
			developmentRegion = English;
			hasScannedForEncodings = 0;
			knownRegions = (
				en,
			);
			mainGroup = 233322E51623E901004AB7F3;
			productRefGroup = 233322F11623E901004AB7F3 /* Products */;
			projectDirPath = "";
			projectRoot = "";
			targets = (
				233322EF1623E901004AB7F3 /* Hypnosister */,
			);
		};
/* End PBXProject section */

/* Begin PBXResourcesBuildPhase section */
		233322EE1623E901004AB7F3 /* Resources */ = {
			isa = PBXResourcesBuildPhase;
			buildActionMask = 2147483647;
			files = (
				233322FF1623E901004AB7F3 /* InfoPlist.strings in Resources */,
				233323071623E901004AB7F3 /* Default.png in Resources */,
				233323091623E901004AB7F3 /* Default@2x.png in Resources */,
				2333230B1623E901004AB7F3 /* Default-568h@2x.png in Resources */,
			);
			runOnlyForDeploymentPostprocessing = 0;
		};
/* End PBXResourcesBuildPhase section */

/* Begin PBXSourcesBuildPhase section */
		233322EC1623E901004AB7F3 /* Sources */ = {
			isa = PBXSourcesBuildPhase;
			buildActionMask = 2147483647;
			files = (
				233323011623E901004AB7F3 /* main.m in Sources */,
				233323051623E901004AB7F3 /* HypnosisterAppDelegate.m in Sources */,
				232FA4731623EC3200DCA839 /* HypnosisView.m in Sources */,
			);
			runOnlyForDeploymentPostprocessing = 0;
		};
/* End PBXSourcesBuildPhase section */

/* Begin PBXVariantGroup section */
		233322FD1623E901004AB7F3 /* InfoPlist.strings */ = {
			isa = PBXVariantGroup;
			children = (
				233322FE1623E901004AB7F3 /* en */,
			);
			name = InfoPlist.strings;
			sourceTree = "<group>";
		};
/* End PBXVariantGroup section */

/* Begin XCBuildConfiguration section */
		2333230C1623E901004AB7F3 /* Debug */ = {
			isa = XCBuildConfiguration;
			buildSettings = {
				ALWAYS_SEARCH_USER_PATHS = NO;
				CLANG_CXX_LANGUAGE_STANDARD = "gnu++0x";
				CLANG_CXX_LIBRARY = "libc++";
				CLANG_ENABLE_OBJC_ARC = YES;
				CLANG_WARN_EMPTY_BODY = YES;
				CLANG_WARN__DUPLICATE_METHOD_MATCH = YES;
				"CODE_SIGN_IDENTITY[sdk=iphoneos*]" = "iPhone Developer";
				COPY_PHASE_STRIP = NO;
				GCC_C_LANGUAGE_STANDARD = gnu99;
				GCC_DYNAMIC_NO_PIC = NO;
				GCC_OPTIMIZATION_LEVEL = 0;
				GCC_PREPROCESSOR_DEFINITIONS = (
					"DEBUG=1",
					"$(inherited)",
				);
				GCC_SYMBOLS_PRIVATE_EXTERN = NO;
				GCC_WARN_ABOUT_RETURN_TYPE = YES;
				GCC_WARN_UNINITIALIZED_AUTOS = YES;
				GCC_WARN_UNUSED_VARIABLE = YES;
				IPHONEOS_DEPLOYMENT_TARGET = 6.0;
				ONLY_ACTIVE_ARCH = YES;
				SDKROOT = iphoneos;
			};
			name = Debug;
		};
		2333230D1623E901004AB7F3 /* Release */ = {
			isa = XCBuildConfiguration;
			buildSettings = {
				ALWAYS_SEARCH_USER_PATHS = NO;
				CLANG_CXX_LANGUAGE_STANDARD = "gnu++0x";
				CLANG_CXX_LIBRARY = "libc++";
				CLANG_ENABLE_OBJC_ARC = YES;
				CLANG_WARN_EMPTY_BODY = YES;
				CLANG_WARN__DUPLICATE_METHOD_MATCH = YES;
				"CODE_SIGN_IDENTITY[sdk=iphoneos*]" = "iPhone Developer";
				COPY_PHASE_STRIP = YES;
				GCC_C_LANGUAGE_STANDARD = gnu99;
				GCC_WARN_ABOUT_RETURN_TYPE = YES;
				GCC_WARN_UNINITIALIZED_AUTOS = YES;
				GCC_WARN_UNUSED_VARIABLE = YES;
				IPHONEOS_DEPLOYMENT_TARGET = 6.0;
				OTHER_CFLAGS = "-DNS_BLOCK_ASSERTIONS=1";
				SDKROOT = iphoneos;
				VALIDATE_PRODUCT = YES;
			};
			name = Release;
		};
		2333230F1623E901004AB7F3 /* Debug */ = {
			isa = XCBuildConfiguration;
			buildSettings = {
				GCC_PRECOMPILE_PREFIX_HEADER = YES;
				GCC_PREFIX_HEADER = "Hypnosister/Hypnosister-Prefix.pch";
				INFOPLIST_FILE = "Hypnosister/Hypnosister-Info.plist";
				PRODUCT_NAME = "$(TARGET_NAME)";
				WRAPPER_EXTENSION = app;
			};
			name = Debug;
		};
		233323101623E901004AB7F3 /* Release */ = {
			isa = XCBuildConfiguration;
			buildSettings = {
				GCC_PRECOMPILE_PREFIX_HEADER = YES;
				GCC_PREFIX_HEADER = "Hypnosister/Hypnosister-Prefix.pch";
				INFOPLIST_FILE = "Hypnosister/Hypnosister-Info.plist";
				PRODUCT_NAME = "$(TARGET_NAME)";
				WRAPPER_EXTENSION = app;
			};
			name = Release;
		};
/* End XCBuildConfiguration section */

/* Begin XCConfigurationList section */
		233322EA1623E901004AB7F3 /* Build configuration list for PBXProject "Hypnosister" */ = {
			isa = XCConfigurationList;
			buildConfigurations = (
				2333230C1623E901004AB7F3 /* Debug */,
				2333230D1623E901004AB7F3 /* Release */,
			);
			defaultConfigurationIsVisible = 0;
			defaultConfigurationName = Release;
		};
		2333230E1623E901004AB7F3 /* Build configuration list for PBXNativeTarget "Hypnosister" */ = {
			isa = XCConfigurationList;
			buildConfigurations = (
				2333230F1623E901004AB7F3 /* Debug */,
				233323101623E901004AB7F3 /* Release */,
			);
			defaultConfigurationIsVisible = 0;
			defaultConfigurationName = Release;
		};
/* End XCConfigurationList section */
	};
	rootObject = 233322E71623E901004AB7F3 /* Project object */;
}
